<?xml version="1.0" encoding="utf-8"?>
<Project ToolsVersion="4.0" xmlns="http://schemas.microsoft.com/developer/msbuild/2003">
  <ItemGroup>
    <ClCompile Include="Framework.cpp" />
    <ClCompile Include="GameObject.cpp" />
    <ClCompile Include="InputMgr.cpp" />
    <ClCompile Include="Obstacle.cpp" />
    <ClCompile Include="ObstaclePool.cpp" />
    <ClCompile Include="Player.cpp" />
    <ClCompile Include="Scene.cpp" />
    <ClCompile Include="SceneDev1.cpp" />
    <ClCompile Include="SceneDev2.cpp" />
    <ClCompile Include="SceneMgr.cpp" />
    <ClCompile Include="SFMLTemplate.cpp" />
    <ClCompile Include="SpriteGo.cpp" />
    <ClCompile Include="stdafx.cpp" />
    <ClCompile Include="TextGo.cpp" />
    <ClCompile Include="timeBar.cpp" />
    <ClCompile Include="Utils.cpp" />
    <ClCompile Include="Fuel.cpp" />
    <ClCompile Include="LaneManager.cpp" />
  </ItemGroup>
  <ItemGroup>
    <ClInclude Include="Defines.h" />
    <ClInclude Include="Framework.h" />
    <ClInclude Include="GameObject.h" />
    <ClInclude Include="InputMgr.h" />
    <ClInclude Include="Obstacle.h" />
    <ClInclude Include="ObstaclePool.h" />
    <ClInclude Include="Player.h" />
    <ClInclude Include="ResourceMgr.h" />
    <ClInclude Include="Scene.h" />
    <ClInclude Include="SceneDev1.h" />
    <ClInclude Include="SceneDev2.h" />
    <ClInclude Include="SceneMgr.h" />
    <ClInclude Include="Singleton.h" />
    <ClInclude Include="SpriteGo.h" />
    <ClInclude Include="stdafx.h" />
    <ClInclude Include="TextGo.h" />
    <ClInclude Include="timeBar.h" />
    <ClInclude Include="Utils.h" />
    <ClInclude Include="Fuel.h" />
    <ClInclude Include="LaneManager.h" />
  </ItemGroup>
</Project>